{
  "name": "app-ecosystem",
  "version": "0.1.0",
  "lockfileVersion": 3,
  "requires": true,
  "packages": {
    "": {
      "name": "app-ecosystem",
      "version": "0.1.0",
      "workspaces": [
        "auth/js",
        "theme"
      ]
    },
    "auth/js": {
      "name": "ecosystem-auth",
      "version": "0.1.0",
      "license": "UNLICENSED"
    },
    "node_modules/ecosystem-auth": {
      "resolved": "auth/js",
      "link": true
    },
    "node_modules/ecosystem-theme": {
      "resolved": "theme",
      "link": true
    },
    "theme": {
      "name": "ecosystem-theme",
      "version": "0.1.0",
      "license": "UNLICENSED"
    }
  }
}
